// !$*UTF8*$!
{
	archiveVersion = 1;
	classes = {
	};
	objectVersion = 50;
	objects = {

/* Begin PBXBuildFile section */
		AB200EB923A037FD001B7312 /* PostListTableViewController.swift in Sources */ = {isa = PBXBuildFile; fileRef = AB200EB823A037FD001B7312 /* PostListTableViewController.swift */; };
		AB200EBB23A03825001B7312 /* PostDetailTableViewController.swift in Sources */ = {isa = PBXBuildFile; fileRef = AB200EBA23A03825001B7312 /* PostDetailTableViewController.swift */; };
		AB200EBD23A03838001B7312 /* AddPostTableViewController.swift in Sources */ = {isa = PBXBuildFile; fileRef = AB200EBC23A03838001B7312 /* AddPostTableViewController.swift */; };
		AB200EBF23A03B5A001B7312 /* Post.swift in Sources */ = {isa = PBXBuildFile; fileRef = AB200EBE23A03B5A001B7312 /* Post.swift */; };
		AB200EC123A03B62001B7312 /* Comment.swift in Sources */ = {isa = PBXBuildFile; fileRef = AB200EC023A03B62001B7312 /* Comment.swift */; };
		AB200EC323A04052001B7312 /* PostController.swift in Sources */ = {isa = PBXBuildFile; fileRef = AB200EC223A04052001B7312 /* PostController.swift */; };
		AB200EC623A04A5A001B7312 /* PostTableViewCell.swift in Sources */ = {isa = PBXBuildFile; fileRef = AB200EC523A04A5A001B7312 /* PostTableViewCell.swift */; };
		AB200EC923A05C60001B7312 /* DateExtension.swift in Sources */ = {isa = PBXBuildFile; fileRef = AB200EC823A05C60001B7312 /* DateExtension.swift */; };
		AB200EDD23A18C3F001B7312 /* SearchableRecord.swift in Sources */ = {isa = PBXBuildFile; fileRef = AB200EDC23A18C3F001B7312 /* SearchableRecord.swift */; };
		AB200EDF23A1A158001B7312 /* PhotoSelectorViewController.swift in Sources */ = {isa = PBXBuildFile; fileRef = AB200EDE23A1A158001B7312 /* PhotoSelectorViewController.swift */; };
		AB4D6F2823A0318B00EDB9B8 /* AppDelegate.swift in Sources */ = {isa = PBXBuildFile; fileRef = AB4D6F2723A0318B00EDB9B8 /* AppDelegate.swift */; };
		AB4D6F2A23A0318B00EDB9B8 /* SceneDelegate.swift in Sources */ = {isa = PBXBuildFile; fileRef = AB4D6F2923A0318B00EDB9B8 /* SceneDelegate.swift */; };
		AB4D6F2F23A0318B00EDB9B8 /* Main.storyboard in Resources */ = {isa = PBXBuildFile; fileRef = AB4D6F2D23A0318B00EDB9B8 /* Main.storyboard */; };
		AB4D6F3123A0318E00EDB9B8 /* Assets.xcassets in Resources */ = {isa = PBXBuildFile; fileRef = AB4D6F3023A0318E00EDB9B8 /* Assets.xcassets */; };
		AB4D6F3423A0318E00EDB9B8 /* LaunchScreen.storyboard in Resources */ = {isa = PBXBuildFile; fileRef = AB4D6F3223A0318E00EDB9B8 /* LaunchScreen.storyboard */; };
		AB4D6F3E23A031B100EDB9B8 /* CloudKit.framework in Frameworks */ = {isa = PBXBuildFile; fileRef = AB4D6F3D23A031B100EDB9B8 /* CloudKit.framework */; };
/* End PBXBuildFile section */

/* Begin PBXFileReference section */
		AB200EB823A037FD001B7312 /* PostListTableViewController.swift */ = {isa = PBXFileReference; lastKnownFileType = sourcecode.swift; path = PostListTableViewController.swift; sourceTree = "<group>"; };
		AB200EBA23A03825001B7312 /* PostDetailTableViewController.swift */ = {isa = PBXFileReference; lastKnownFileType = sourcecode.swift; path = PostDetailTableViewController.swift; sourceTree = "<group>"; };
		AB200EBC23A03838001B7312 /* AddPostTableViewController.swift */ = {isa = PBXFileReference; lastKnownFileType = sourcecode.swift; path = AddPostTableViewController.swift; sourceTree = "<group>"; };
		AB200EBE23A03B5A001B7312 /* Post.swift */ = {isa = PBXFileReference; lastKnownFileType = sourcecode.swift; path = Post.swift; sourceTree = "<group>"; };
		AB200EC023A03B62001B7312 /* Comment.swift */ = {isa = PBXFileReference; lastKnownFileType = sourcecode.swift; path = Comment.swift; sourceTree = "<group>"; };
		AB200EC223A04052001B7312 /* PostController.swift */ = {isa = PBXFileReference; lastKnownFileType = sourcecode.swift; path = PostController.swift; sourceTree = "<group>"; };
		AB200EC523A04A5A001B7312 /* PostTableViewCell.swift */ = {isa = PBXFileReference; lastKnownFileType = sourcecode.swift; path = PostTableViewCell.swift; sourceTree = "<group>"; };
		AB200EC823A05C60001B7312 /* DateExtension.swift */ = {isa = PBXFileReference; lastKnownFileType = sourcecode.swift; path = DateExtension.swift; sourceTree = "<group>"; };
		AB200EDC23A18C3F001B7312 /* SearchableRecord.swift */ = {isa = PBXFileReference; lastKnownFileType = sourcecode.swift; path = SearchableRecord.swift; sourceTree = "<group>"; };
		AB200EDE23A1A158001B7312 /* PhotoSelectorViewController.swift */ = {isa = PBXFileReference; lastKnownFileType = sourcecode.swift; path = PhotoSelectorViewController.swift; sourceTree = "<group>"; };
		AB4D6F2423A0318B00EDB9B8 /* Continuum.app */ = {isa = PBXFileReference; explicitFileType = wrapper.application; includeInIndex = 0; path = Continuum.app; sourceTree = BUILT_PRODUCTS_DIR; };
		AB4D6F2723A0318B00EDB9B8 /* AppDelegate.swift */ = {isa = PBXFileReference; lastKnownFileType = sourcecode.swift; path = AppDelegate.swift; sourceTree = "<group>"; };
		AB4D6F2923A0318B00EDB9B8 /* SceneDelegate.swift */ = {isa = PBXFileReference; lastKnownFileType = sourcecode.swift; path = SceneDelegate.swift; sourceTree = "<group>"; };
		AB4D6F2E23A0318B00EDB9B8 /* Base */ = {isa = PBXFileReference; lastKnownFileType = file.storyboard; name = Base; path = Base.lproj/Main.storyboard; sourceTree = "<group>"; };
		AB4D6F3023A0318E00EDB9B8 /* Assets.xcassets */ = {isa = PBXFileReference; lastKnownFileType = folder.assetcatalog; path = Assets.xcassets; sourceTree = "<group>"; };
		AB4D6F3323A0318E00EDB9B8 /* Base */ = {isa = PBXFileReference; lastKnownFileType = file.storyboard; name = Base; path = Base.lproj/LaunchScreen.storyboard; sourceTree = "<group>"; };
		AB4D6F3523A0318E00EDB9B8 /* Info.plist */ = {isa = PBXFileReference; lastKnownFileType = text.plist.xml; path = Info.plist; sourceTree = "<group>"; };
		AB4D6F3B23A031AD00EDB9B8 /* Continuum.entitlements */ = {isa = PBXFileReference; lastKnownFileType = text.plist.entitlements; path = Continuum.entitlements; sourceTree = "<group>"; };
		AB4D6F3D23A031B100EDB9B8 /* CloudKit.framework */ = {isa = PBXFileReference; lastKnownFileType = wrapper.framework; name = CloudKit.framework; path = System/Library/Frameworks/CloudKit.framework; sourceTree = SDKROOT; };
/* End PBXFileReference section */

/* Begin PBXFrameworksBuildPhase section */
		AB4D6F2123A0318B00EDB9B8 /* Frameworks */ = {
			isa = PBXFrameworksBuildPhase;
			buildActionMask = 2147483647;
			files = (
				AB4D6F3E23A031B100EDB9B8 /* CloudKit.framework in Frameworks */,
			);
			runOnlyForDeploymentPostprocessing = 0;
		};
/* End PBXFrameworksBuildPhase section */

/* Begin PBXGroup section */
		AB200EC423A04A44001B7312 /* Custom Views */ = {
			isa = PBXGroup;
			children = (
				AB200EC523A04A5A001B7312 /* PostTableViewCell.swift */,
			);
			path = "Custom Views";
			sourceTree = "<group>";
		};
		AB200EC723A05C55001B7312 /* Utility */ = {
			isa = PBXGroup;
			children = (
				AB200EC823A05C60001B7312 /* DateExtension.swift */,
				AB200EDC23A18C3F001B7312 /* SearchableRecord.swift */,
			);
			path = Utility;
			sourceTree = "<group>";
		};
		AB4D6F1B23A0318B00EDB9B8 = {
			isa = PBXGroup;
			children = (
				AB4D6F2623A0318B00EDB9B8 /* Continuum */,
				AB4D6F2523A0318B00EDB9B8 /* Products */,
				AB4D6F3C23A031B100EDB9B8 /* Frameworks */,
			);
			sourceTree = "<group>";
		};
		AB4D6F2523A0318B00EDB9B8 /* Products */ = {
			isa = PBXGroup;
			children = (
				AB4D6F2423A0318B00EDB9B8 /* Continuum.app */,
			);
			name = Products;
			sourceTree = "<group>";
		};
		AB4D6F2623A0318B00EDB9B8 /* Continuum */ = {
			isa = PBXGroup;
			children = (
				AB200EC723A05C55001B7312 /* Utility */,
				AB4D6F4223A0322600EDB9B8 /* Models */,
				AB4D6F4123A0322200EDB9B8 /* Views */,
				AB4D6F4023A0321D00EDB9B8 /* Controllers */,
				AB4D6F3F23A0320600EDB9B8 /* Resources */,
			);
			path = Continuum;
			sourceTree = "<group>";
		};
		AB4D6F3C23A031B100EDB9B8 /* Frameworks */ = {
			isa = PBXGroup;
			children = (
				AB4D6F3D23A031B100EDB9B8 /* CloudKit.framework */,
			);
			name = Frameworks;
			sourceTree = "<group>";
		};
		AB4D6F3F23A0320600EDB9B8 /* Resources */ = {
			isa = PBXGroup;
			children = (
				AB4D6F3B23A031AD00EDB9B8 /* Continuum.entitlements */,
				AB4D6F2723A0318B00EDB9B8 /* AppDelegate.swift */,
				AB4D6F2923A0318B00EDB9B8 /* SceneDelegate.swift */,
				AB4D6F3023A0318E00EDB9B8 /* Assets.xcassets */,
				AB4D6F3523A0318E00EDB9B8 /* Info.plist */,
			);
			path = Resources;
			sourceTree = "<group>";
		};
		AB4D6F4023A0321D00EDB9B8 /* Controllers */ = {
			isa = PBXGroup;
			children = (
				AB4D6F4523A0323800EDB9B8 /* Model Controllers */,
				AB4D6F4423A0323100EDB9B8 /* View Controllers */,
			);
			path = Controllers;
			sourceTree = "<group>";
		};
		AB4D6F4123A0322200EDB9B8 /* Views */ = {
			isa = PBXGroup;
			children = (
				AB200EC423A04A44001B7312 /* Custom Views */,
				AB4D6F4323A0322A00EDB9B8 /* Storyboards */,
			);
			path = Views;
			sourceTree = "<group>";
		};
		AB4D6F4223A0322600EDB9B8 /* Models */ = {
			isa = PBXGroup;
			children = (
				AB200EBE23A03B5A001B7312 /* Post.swift */,
				AB200EC023A03B62001B7312 /* Comment.swift */,
			);
			path = Models;
			sourceTree = "<group>";
		};
		AB4D6F4323A0322A00EDB9B8 /* Storyboards */ = {
			isa = PBXGroup;
			children = (
				AB4D6F2D23A0318B00EDB9B8 /* Main.storyboard */,
				AB4D6F3223A0318E00EDB9B8 /* LaunchScreen.storyboard */,
			);
			path = Storyboards;
			sourceTree = "<group>";
		};
		AB4D6F4423A0323100EDB9B8 /* View Controllers */ = {
			isa = PBXGroup;
			children = (
				AB200EB823A037FD001B7312 /* PostListTableViewController.swift */,
				AB200EBA23A03825001B7312 /* PostDetailTableViewController.swift */,
				AB200EBC23A03838001B7312 /* AddPostTableViewController.swift */,
				AB200EDE23A1A158001B7312 /* PhotoSelectorViewController.swift */,
			);
			path = "View Controllers";
			sourceTree = "<group>";
		};
		AB4D6F4523A0323800EDB9B8 /* Model Controllers */ = {
			isa = PBXGroup;
			children = (
				AB200EC223A04052001B7312 /* PostController.swift */,
			);
			path = "Model Controllers";
			sourceTree = "<group>";
		};
/* End PBXGroup section */

/* Begin PBXNativeTarget section */
		AB4D6F2323A0318B00EDB9B8 /* Continuum */ = {
			isa = PBXNativeTarget;
			buildConfigurationList = AB4D6F3823A0318E00EDB9B8 /* Build configuration list for PBXNativeTarget "Continuum" */;
			buildPhases = (
				AB4D6F2023A0318B00EDB9B8 /* Sources */,
				AB4D6F2123A0318B00EDB9B8 /* Frameworks */,
				AB4D6F2223A0318B00EDB9B8 /* Resources */,
			);
			buildRules = (
			);
			dependencies = (
			);
			name = Continuum;
			productName = Continuum;
			productReference = AB4D6F2423A0318B00EDB9B8 /* Continuum.app */;
			productType = "com.apple.product-type.application";
		};
/* End PBXNativeTarget section */

/* Begin PBXProject section */
		AB4D6F1C23A0318B00EDB9B8 /* Project object */ = {
			isa = PBXProject;
			attributes = {
				LastSwiftUpdateCheck = 1120;
				LastUpgradeCheck = 1120;
				ORGANIZATIONNAME = "Aaron Shackelford";
				TargetAttributes = {
					AB4D6F2323A0318B00EDB9B8 = {
						CreatedOnToolsVersion = 11.2.1;
					};
				};
			};
			buildConfigurationList = AB4D6F1F23A0318B00EDB9B8 /* Build configuration list for PBXProject "Continuum" */;
			compatibilityVersion = "Xcode 9.3";
			developmentRegion = en;
			hasScannedForEncodings = 0;
			knownRegions = (
				en,
				Base,
			);
			mainGroup = AB4D6F1B23A0318B00EDB9B8;
			productRefGroup = AB4D6F2523A0318B00EDB9B8 /* Products */;
			projectDirPath = "";
			projectRoot = "";
			targets = (
				AB4D6F2323A0318B00EDB9B8 /* Continuum */,
			);
		};
/* End PBXProject section */

/* Begin PBXResourcesBuildPhase section */
		AB4D6F2223A0318B00EDB9B8 /* Resources */ = {
			isa = PBXResourcesBuildPhase;
			buildActionMask = 2147483647;
			files = (
				AB4D6F3423A0318E00EDB9B8 /* LaunchScreen.storyboard in Resources */,
				AB4D6F3123A0318E00EDB9B8 /* Assets.xcassets in Resources */,
				AB4D6F2F23A0318B00EDB9B8 /* Main.storyboard in Resources */,
			);
			runOnlyForDeploymentPostprocessing = 0;
		};
/* End PBXResourcesBuildPhase section */

/* Begin PBXSourcesBuildPhase section */
		AB4D6F2023A0318B00EDB9B8 /* Sources */ = {
			isa = PBXSourcesBuildPhase;
			buildActionMask = 2147483647;
			files = (
				AB200EB923A037FD001B7312 /* PostListTableViewController.swift in Sources */,
				AB200EC923A05C60001B7312 /* DateExtension.swift in Sources */,
				AB200EC323A04052001B7312 /* PostController.swift in Sources */,
				AB200EBD23A03838001B7312 /* AddPostTableViewController.swift in Sources */,
				AB4D6F2823A0318B00EDB9B8 /* AppDelegate.swift in Sources */,
				AB200EC123A03B62001B7312 /* Comment.swift in Sources */,
				AB200EDF23A1A158001B7312 /* PhotoSelectorViewController.swift in Sources */,
				AB200EBF23A03B5A001B7312 /* Post.swift in Sources */,
				AB200EBB23A03825001B7312 /* PostDetailTableViewController.swift in Sources */,
				AB4D6F2A23A0318B00EDB9B8 /* SceneDelegate.swift in Sources */,
				AB200EC623A04A5A001B7312 /* PostTableViewCell.swift in Sources */,
				AB200EDD23A18C3F001B7312 /* SearchableRecord.swift in Sources */,
			);
			runOnlyForDeploymentPostprocessing = 0;
		};
/* End PBXSourcesBuildPhase section */

/* Begin PBXVariantGroup section */
		AB4D6F2D23A0318B00EDB9B8 /* Main.storyboard */ = {
			isa = PBXVariantGroup;
			children = (
				AB4D6F2E23A0318B00EDB9B8 /* Base */,
			);
			name = Main.storyboard;
			sourceTree = "<group>";
		};
		AB4D6F3223A0318E00EDB9B8 /* LaunchScreen.storyboard */ = {
			isa = PBXVariantGroup;
			children = (
				AB4D6F3323A0318E00EDB9B8 /* Base */,
			);
			name = LaunchScreen.storyboard;
			sourceTree = "<group>";
		};
/* End PBXVariantGroup section */

/* Begin XCBuildConfiguration section */
		AB4D6F3623A0318E00EDB9B8 /* Debug */ = {
			isa = XCBuildConfiguration;
			buildSettings = {
				ALWAYS_SEARCH_USER_PATHS = NO;
				CLANG_ANALYZER_NONNULL = YES;
				CLANG_ANALYZER_NUMBER_OBJECT_CONVERSION = YES_AGGRESSIVE;
				CLANG_CXX_LANGUAGE_STANDARD = "gnu++14";
				CLANG_CXX_LIBRARY = "libc++";
				CLANG_ENABLE_MODULES = YES;
				CLANG_ENABLE_OBJC_ARC = YES;
				CLANG_ENABLE_OBJC_WEAK = YES;
				CLANG_WARN_BLOCK_CAPTURE_AUTORELEASING = YES;
				CLANG_WARN_BOOL_CONVERSION = YES;
				CLANG_WARN_COMMA = YES;
				CLANG_WARN_CONSTANT_CONVERSION = YES;
				CLANG_WARN_DEPRECATED_OBJC_IMPLEMENTATIONS = YES;
				CLANG_WARN_DIRECT_OBJC_ISA_USAGE = YES_ERROR;
				CLANG_WARN_DOCUMENTATION_COMMENTS = YES;
				CLANG_WARN_EMPTY_BODY = YES;
				CLANG_WARN_ENUM_CONVERSION = YES;
				CLANG_WARN_INFINITE_RECURSION = YES;
				CLANG_WARN_INT_CONVERSION = YES;
				CLANG_WARN_NON_LITERAL_NULL_CONVERSION = YES;
				CLANG_WARN_OBJC_IMPLICIT_RETAIN_SELF = YES;
				CLANG_WARN_OBJC_LITERAL_CONVERSION = YES;
				CLANG_WARN_OBJC_ROOT_CLASS = YES_ERROR;
				CLANG_WARN_RANGE_LOOP_ANALYSIS = YES;
				CLANG_WARN_STRICT_PROTOTYPES = YES;
				CLANG_WARN_SUSPICIOUS_MOVE = YES;
				CLANG_WARN_UNGUARDED_AVAILABILITY = YES_AGGRESSIVE;
				CLANG_WARN_UNREACHABLE_CODE = YES;
				CLANG_WARN__DUPLICATE_METHOD_MATCH = YES;
				COPY_PHASE_STRIP = NO;
				DEBUG_INFORMATION_FORMAT = dwarf;
				ENABLE_STRICT_OBJC_MSGSEND = YES;
				ENABLE_TESTABILITY = YES;
				GCC_C_LANGUAGE_STANDARD = gnu11;
				GCC_DYNAMIC_NO_PIC = NO;
				GCC_NO_COMMON_BLOCKS = YES;
				GCC_OPTIMIZATION_LEVEL = 0;
				GCC_PREPROCESSOR_DEFINITIONS = (
					"DEBUG=1",
					"$(inherited)",
				);
				GCC_WARN_64_TO_32_BIT_CONVERSION = YES;
				GCC_WARN_ABOUT_RETURN_TYPE = YES_ERROR;
				GCC_WARN_UNDECLARED_SELECTOR = YES;
				GCC_WARN_UNINITIALIZED_AUTOS = YES_AGGRESSIVE;
				GCC_WARN_UNUSED_FUNCTION = YES;
				GCC_WARN_UNUSED_VARIABLE = YES;
				IPHONEOS_DEPLOYMENT_TARGET = 13.2;
				MTL_ENABLE_DEBUG_INFO = INCLUDE_SOURCE;
				MTL_FAST_MATH = YES;
				ONLY_ACTIVE_ARCH = YES;
				SDKROOT = iphoneos;
				SWIFT_ACTIVE_COMPILATION_CONDITIONS = DEBUG;
				SWIFT_OPTIMIZATION_LEVEL = "-Onone";
			};
			name = Debug;
		};
		AB4D6F3723A0318E00EDB9B8 /* Release */ = {
			isa = XCBuildConfiguration;
			buildSettings = {
				ALWAYS_SEARCH_USER_PATHS = NO;
				CLANG_ANALYZER_NONNULL = YES;
				CLANG_ANALYZER_NUMBER_OBJECT_CONVERSION = YES_AGGRESSIVE;
				CLANG_CXX_LANGUAGE_STANDARD = "gnu++14";
				CLANG_CXX_LIBRARY = "libc++";
				CLANG_ENABLE_MODULES = YES;
				CLANG_ENABLE_OBJC_ARC = YES;
				CLANG_ENABLE_OBJC_WEAK = YES;
				CLANG_WARN_BLOCK_CAPTURE_AUTORELEASING = YES;
				CLANG_WARN_BOOL_CONVERSION = YES;
				CLANG_WARN_COMMA = YES;
				CLANG_WARN_CONSTANT_CONVERSION = YES;
				CLANG_WARN_DEPRECATED_OBJC_IMPLEMENTATIONS = YES;
				CLANG_WARN_DIRECT_OBJC_ISA_USAGE = YES_ERROR;
				CLANG_WARN_DOCUMENTATION_COMMENTS = YES;
				CLANG_WARN_EMPTY_BODY = YES;
				CLANG_WARN_ENUM_CONVERSION = YES;
				CLANG_WARN_INFINITE_RECURSION = YES;
				CLANG_WARN_INT_CONVERSION = YES;
				CLANG_WARN_NON_LITERAL_NULL_CONVERSION = YES;
				CLANG_WARN_OBJC_IMPLICIT_RETAIN_SELF = YES;
				CLANG_WARN_OBJC_LITERAL_CONVERSION = YES;
				CLANG_WARN_OBJC_ROOT_CLASS = YES_ERROR;
				CLANG_WARN_RANGE_LOOP_ANALYSIS = YES;
				CLANG_WARN_STRICT_PROTOTYPES = YES;
				CLANG_WARN_SUSPICIOUS_MOVE = YES;
				CLANG_WARN_UNGUARDED_AVAILABILITY = YES_AGGRESSIVE;
				CLANG_WARN_UNREACHABLE_CODE = YES;
				CLANG_WARN__DUPLICATE_METHOD_MATCH = YES;
				COPY_PHASE_STRIP = NO;
				DEBUG_INFORMATION_FORMAT = "dwarf-with-dsym";
				ENABLE_NS_ASSERTIONS = NO;
				ENABLE_STRICT_OBJC_MSGSEND = YES;
				GCC_C_LANGUAGE_STANDARD = gnu11;
				GCC_NO_COMMON_BLOCKS = YES;
				GCC_WARN_64_TO_32_BIT_CONVERSION = YES;
				GCC_WARN_ABOUT_RETURN_TYPE = YES_ERROR;
				GCC_WARN_UNDECLARED_SELECTOR = YES;
				GCC_WARN_UNINITIALIZED_AUTOS = YES_AGGRESSIVE;
				GCC_WARN_UNUSED_FUNCTION = YES;
				GCC_WARN_UNUSED_VARIABLE = YES;
				IPHONEOS_DEPLOYMENT_TARGET = 13.2;
				MTL_ENABLE_DEBUG_INFO = NO;
				MTL_FAST_MATH = YES;
				SDKROOT = iphoneos;
				SWIFT_COMPILATION_MODE = wholemodule;
				SWIFT_OPTIMIZATION_LEVEL = "-O";
				VALIDATE_PRODUCT = YES;
			};
			name = Release;
		};
		AB4D6F3923A0318E00EDB9B8 /* Debug */ = {
			isa = XCBuildConfiguration;
			buildSettings = {
				ASSETCATALOG_COMPILER_APPICON_NAME = AppIcon;
				CODE_SIGN_ENTITLEMENTS = Continuum/Resources/Continuum.entitlements;
				CODE_SIGN_STYLE = Automatic;
				DEVELOPMENT_TEAM = 69Y2XBHVDM;
				INFOPLIST_FILE = Continuum/Resources/Info.plist;
				LD_RUNPATH_SEARCH_PATHS = (
					"$(inherited)",
					"@executable_path/Frameworks",
				);
				PRODUCT_BUNDLE_IDENTIFIER = shackelford.Continuum;
				PRODUCT_NAME = "$(TARGET_NAME)";
				SWIFT_VERSION = 5.0;
				TARGETED_DEVICE_FAMILY = "1,2";
			};
			name = Debug;
		};
		AB4D6F3A23A0318E00EDB9B8 /* Release */ = {
			isa = XCBuildConfiguration;
			buildSettings = {
				ASSETCATALOG_COMPILER_APPICON_NAME = AppIcon;
				CODE_SIGN_ENTITLEMENTS = Continuum/Resources/Continuum.entitlements;
				CODE_SIGN_STYLE = Automatic;
				DEVELOPMENT_TEAM = 69Y2XBHVDM;
				INFOPLIST_FILE = Continuum/Resources/Info.plist;
				LD_RUNPATH_SEARCH_PATHS = (
					"$(inherited)",
					"@executable_path/Frameworks",
				);
				PRODUCT_BUNDLE_IDENTIFIER = shackelford.Continuum;
				PRODUCT_NAME = "$(TARGET_NAME)";
				SWIFT_VERSION = 5.0;
				TARGETED_DEVICE_FAMILY = "1,2";
			};
			name = Release;
		};
/* End XCBuildConfiguration section */

/* Begin XCConfigurationList section */
		AB4D6F1F23A0318B00EDB9B8 /* Build configuration list for PBXProject "Continuum" */ = {
			isa = XCConfigurationList;
			buildConfigurations = (
				AB4D6F3623A0318E00EDB9B8 /* Debug */,
				AB4D6F3723A0318E00EDB9B8 /* Release */,
			);
			defaultConfigurationIsVisible = 0;
			defaultConfigurationName = Release;
		};
		AB4D6F3823A0318E00EDB9B8 /* Build configuration list for PBXNativeTarget "Continuum" */ = {
			isa = XCConfigurationList;
			buildConfigurations = (
				AB4D6F3923A0318E00EDB9B8 /* Debug */,
				AB4D6F3A23A0318E00EDB9B8 /* Release */,
			);
			defaultConfigurationIsVisible = 0;
			defaultConfigurationName = Release;
		};
/* End XCConfigurationList section */
	};
	rootObject = AB4D6F1C23A0318B00EDB9B8 /* Project object */;
}
